github.com/coder/websocket v1.8.15 h1:6B2JPeOGlpff2Uz6vOEH1Vzpi0iUz20A+lPVhPHtNUA=
github.com/coder/websocket v1.8.15/go.mod h1:NX3SzP+inril6yawo5CQXx8+fk145lPDC6pumgx0mVg=
github.com/dlclark/regexp2/v2 v2.8.1 h1:I1jbaCbXeOxdVN8z3fb55Mvtgb94/6+Dh0zjmXjKV/0=
github.com/dlclark/regexp2/v2 v2.8.1/go.mod h1:avUrQvPaLz2DrFNHJF0taWAFFX2C1GMSSoeiqFjcBmU=
github.com/klauspost/compress v1.20.1 h1:T7kKElXUMXrUJ2E9QhQhxFtcK5rPyLdsGZvdbLMPdiQ=
github.com/klauspost/compress v1.20.1/go.mod h1:LUdAzn7YLVvxLpc7y3V1m40wESHTgc1422pwwBSKYuI=
github.com/tiktoken-go/tokenizer v0.8.1 h1:4obDoB6/dhdBt9xMweX4nww5cjdOq/nYF4ecwPq2+mg=
github.com/tiktoken-go/tokenizer v0.8.1/go.mod h1:eLA0t6nGvn9mDc7gt90qt7pMat+gE9ViqwQ6l9B+tA4=
